// !$*UTF8*$!
{
	archiveVersion = 1;
	classes = {
	};
	objectVersion = 56;
	objects = {

/* Begin PBXBuildFile section */
		0ABDED932C565ED7001DA960 /* InventoryHomeApp.swift in Sources */ = {isa = PBXBuildFile; fileRef = 0ABDED922C565ED7001DA960 /* InventoryHomeApp.swift */; };
		0ABDED952C565ED7001DA960 /* ContentView.swift in Sources */ = {isa = PBXBuildFile; fileRef = 0ABDED942C565ED7001DA960 /* ContentView.swift */; };
		0ABDED972C565ED8001DA960 /* Assets.xcassets in Resources */ = {isa = PBXBuildFile; fileRef = 0ABDED962C565ED8001DA960 /* Assets.xcassets */; };
		0ABDED9A2C565ED8001DA960 /* Preview Assets.xcassets in Resources */ = {isa = PBXBuildFile; fileRef = 0ABDED992C565ED8001DA960 /* Preview Assets.xcassets */; };
		0ABDED9C2C565ED8001DA960 /* Persistence.swift in Sources */ = {isa = PBXBuildFile; fileRef = 0ABDED9B2C565ED8001DA960 /* Persistence.swift */; };
		0ABDED9F2C565ED8001DA960 /* InventoryHome.xcdatamodeld in Sources */ = {isa = PBXBuildFile; fileRef = 0ABDED9D2C565ED8001DA960 /* InventoryHome.xcdatamodeld */; };
		0ABDEDA92C565ED8001DA960 /* InventoryHomeTests.swift in Sources */ = {isa = PBXBuildFile; fileRef = 0ABDEDA82C565ED8001DA960 /* InventoryHomeTests.swift */; };
		0ABDEDB32C565ED8001DA960 /* InventoryHomeUITests.swift in Sources */ = {isa = PBXBuildFile; fileRef = 0ABDEDB22C565ED8001DA960 /* InventoryHomeUITests.swift */; };
		0ABDEDB52C565ED8001DA960 /* InventoryHomeUITestsLaunchTests.swift in Sources */ = {isa = PBXBuildFile; fileRef = 0ABDEDB42C565ED8001DA960 /* InventoryHomeUITestsLaunchTests.swift */; };
		0ABDEDC22C565F6D001DA960 /* AddItemView.swift in Sources */ = {isa = PBXBuildFile; fileRef = 0ABDEDC12C565F6D001DA960 /* AddItemView.swift */; };
		0ABDEDC42C56651A001DA960 /* UpdateQuantityView.swift in Sources */ = {isa = PBXBuildFile; fileRef = 0ABDEDC32C56651A001DA960 /* UpdateQuantityView.swift */; };
/* End PBXBuildFile section */

/* Begin PBXContainerItemProxy section */
		0ABDEDA52C565ED8001DA960 /* PBXContainerItemProxy */ = {
			isa = PBXContainerItemProxy;
			containerPortal = 0ABDED872C565ED7001DA960 /* Project object */;
			proxyType = 1;
			remoteGlobalIDString = 0ABDED8E2C565ED7001DA960;
			remoteInfo = InventoryHome;
		};
		0ABDEDAF2C565ED8001DA960 /* PBXContainerItemProxy */ = {
			isa = PBXContainerItemProxy;
			containerPortal = 0ABDED872C565ED7001DA960 /* Project object */;
			proxyType = 1;
			remoteGlobalIDString = 0ABDED8E2C565ED7001DA960;
			remoteInfo = InventoryHome;
		};
/* End PBXContainerItemProxy section */

/* Begin PBXFileReference section */
		0ABDED8F2C565ED7001DA960 /* InventoryHome.app */ = {isa = PBXFileReference; explicitFileType = wrapper.application; includeInIndex = 0; path = InventoryHome.app; sourceTree = BUILT_PRODUCTS_DIR; };
		0ABDED922C565ED7001DA960 /* InventoryHomeApp.swift */ = {isa = PBXFileReference; lastKnownFileType = sourcecode.swift; path = InventoryHomeApp.swift; sourceTree = "<group>"; };
		0ABDED942C565ED7001DA960 /* ContentView.swift */ = {isa = PBXFileReference; lastKnownFileType = sourcecode.swift; path = ContentView.swift; sourceTree = "<group>"; };
		0ABDED962C565ED8001DA960 /* Assets.xcassets */ = {isa = PBXFileReference; lastKnownFileType = folder.assetcatalog; path = Assets.xcassets; sourceTree = "<group>"; };
		0ABDED992C565ED8001DA960 /* Preview Assets.xcassets */ = {isa = PBXFileReference; lastKnownFileType = folder.assetcatalog; path = "Preview Assets.xcassets"; sourceTree = "<group>"; };
		0ABDED9B2C565ED8001DA960 /* Persistence.swift */ = {isa = PBXFileReference; lastKnownFileType = sourcecode.swift; path = Persistence.swift; sourceTree = "<group>"; };
		0ABDED9E2C565ED8001DA960 /* InventoryHome.xcdatamodel */ = {isa = PBXFileReference; lastKnownFileType = wrapper.xcdatamodel; path = InventoryHome.xcdatamodel; sourceTree = "<group>"; };
		0ABDEDA42C565ED8001DA960 /* InventoryHomeTests.xctest */ = {isa = PBXFileReference; explicitFileType = wrapper.cfbundle; includeInIndex = 0; path = InventoryHomeTests.xctest; sourceTree = BUILT_PRODUCTS_DIR; };
		0ABDEDA82C565ED8001DA960 /* InventoryHomeTests.swift */ = {isa = PBXFileReference; lastKnownFileType = sourcecode.swift; path = InventoryHomeTests.swift; sourceTree = "<group>"; };
		0ABDEDAE2C565ED8001DA960 /* InventoryHomeUITests.xctest */ = {isa = PBXFileReference; explicitFileType = wrapper.cfbundle; includeInIndex = 0; path = InventoryHomeUITests.xctest; sourceTree = BUILT_PRODUCTS_DIR; };
		0ABDEDB22C565ED8001DA960 /* InventoryHomeUITests.swift */ = {isa = PBXFileReference; lastKnownFileType = sourcecode.swift; path = InventoryHomeUITests.swift; sourceTree = "<group>"; };
		0ABDEDB42C565ED8001DA960 /* InventoryHomeUITestsLaunchTests.swift */ = {isa = PBXFileReference; lastKnownFileType = sourcecode.swift; path = InventoryHomeUITestsLaunchTests.swift; sourceTree = "<group>"; };
		0ABDEDC12C565F6D001DA960 /* AddItemView.swift */ = {isa = PBXFileReference; lastKnownFileType = sourcecode.swift; path = AddItemView.swift; sourceTree = "<group>"; };
		0ABDEDC32C56651A001DA960 /* UpdateQuantityView.swift */ = {isa = PBXFileReference; lastKnownFileType = sourcecode.swift; path = UpdateQuantityView.swift; sourceTree = "<group>"; };
/* End PBXFileReference section */

/* Begin PBXFrameworksBuildPhase section */
		0ABDED8C2C565ED7001DA960 /* Frameworks */ = {
			isa = PBXFrameworksBuildPhase;
			buildActionMask = 2147483647;
			files = (
			);
			runOnlyForDeploymentPostprocessing = 0;
		};
		0ABDEDA12C565ED8001DA960 /* Frameworks */ = {
			isa = PBXFrameworksBuildPhase;
			buildActionMask = 2147483647;
			files = (
			);
			runOnlyForDeploymentPostprocessing = 0;
		};
		0ABDEDAB2C565ED8001DA960 /* Frameworks */ = {
			isa = PBXFrameworksBuildPhase;
			buildActionMask = 2147483647;
			files = (
			);
			runOnlyForDeploymentPostprocessing = 0;
		};
/* End PBXFrameworksBuildPhase section */

/* Begin PBXGroup section */
		0ABDED862C565ED7001DA960 = {
			isa = PBXGroup;
			children = (
				0ABDED912C565ED7001DA960 /* InventoryHome */,
				0ABDEDA72C565ED8001DA960 /* InventoryHomeTests */,
				0ABDEDB12C565ED8001DA960 /* InventoryHomeUITests */,
				0ABDED902C565ED7001DA960 /* Products */,
			);
			sourceTree = "<group>";
		};
		0ABDED902C565ED7001DA960 /* Products */ = {
			isa = PBXGroup;
			children = (
				0ABDED8F2C565ED7001DA960 /* InventoryHome.app */,
				0ABDEDA42C565ED8001DA960 /* InventoryHomeTests.xctest */,
				0ABDEDAE2C565ED8001DA960 /* InventoryHomeUITests.xctest */,
			);
			name = Products;
			sourceTree = "<group>";
		};
		0ABDED912C565ED7001DA960 /* InventoryHome */ = {
			isa = PBXGroup;
			children = (
				0ABDED922C565ED7001DA960 /* InventoryHomeApp.swift */,
				0ABDED942C565ED7001DA960 /* ContentView.swift */,
				0ABDED962C565ED8001DA960 /* Assets.xcassets */,
				0ABDED9B2C565ED8001DA960 /* Persistence.swift */,
				0ABDED9D2C565ED8001DA960 /* InventoryHome.xcdatamodeld */,
				0ABDED982C565ED8001DA960 /* Preview Content */,
				0ABDEDC12C565F6D001DA960 /* AddItemView.swift */,
				0ABDEDC32C56651A001DA960 /* UpdateQuantityView.swift */,
			);
			path = InventoryHome;
			sourceTree = "<group>";
		};
		0ABDED982C565ED8001DA960 /* Preview Content */ = {
			isa = PBXGroup;
			children = (
				0ABDED992C565ED8001DA960 /* Preview Assets.xcassets */,
			);
			path = "Preview Content";
			sourceTree = "<group>";
		};
		0ABDEDA72C565ED8001DA960 /* InventoryHomeTests */ = {
			isa = PBXGroup;
			children = (
				0ABDEDA82C565ED8001DA960 /* InventoryHomeTests.swift */,
			);
			path = InventoryHomeTests;
			sourceTree = "<group>";
		};
		0ABDEDB12C565ED8001DA960 /* InventoryHomeUITests */ = {
			isa = PBXGroup;
			children = (
				0ABDEDB22C565ED8001DA960 /* InventoryHomeUITests.swift */,
				0ABDEDB42C565ED8001DA960 /* InventoryHomeUITestsLaunchTests.swift */,
			);
			path = InventoryHomeUITests;
			sourceTree = "<group>";
		};
/* End PBXGroup section */

/* Begin PBXNativeTarget section */
		0ABDED8E2C565ED7001DA960 /* InventoryHome */ = {
			isa = PBXNativeTarget;
			buildConfigurationList = 0ABDEDB82C565ED8001DA960 /* Build configuration list for PBXNativeTarget "InventoryHome" */;
			buildPhases = (
				0ABDED8B2C565ED7001DA960 /* Sources */,
				0ABDED8C2C565ED7001DA960 /* Frameworks */,
				0ABDED8D2C565ED7001DA960 /* Resources */,
			);
			buildRules = (
			);
			dependencies = (
			);
			name = InventoryHome;
			productName = InventoryHome;
			productReference = 0ABDED8F2C565ED7001DA960 /* InventoryHome.app */;
			productType = "com.apple.product-type.application";
		};
		0ABDEDA32C565ED8001DA960 /* InventoryHomeTests */ = {
			isa = PBXNativeTarget;
			buildConfigurationList = 0ABDEDBB2C565ED8001DA960 /* Build configuration list for PBXNativeTarget "InventoryHomeTests" */;
			buildPhases = (
				0ABDEDA02C565ED8001DA960 /* Sources */,
				0ABDEDA12C565ED8001DA960 /* Frameworks */,
				0ABDEDA22C565ED8001DA960 /* Resources */,
			);
			buildRules = (
			);
			dependencies = (
				0ABDEDA62C565ED8001DA960 /* PBXTargetDependency */,
			);
			name = InventoryHomeTests;
			productName = InventoryHomeTests;
			productReference = 0ABDEDA42C565ED8001DA960 /* InventoryHomeTests.xctest */;
			productType = "com.apple.product-type.bundle.unit-test";
		};
		0ABDEDAD2C565ED8001DA960 /* InventoryHomeUITests */ = {
			isa = PBXNativeTarget;
			buildConfigurationList = 0ABDEDBE2C565ED8001DA960 /* Build configuration list for PBXNativeTarget "InventoryHomeUITests" */;
			buildPhases = (
				0ABDEDAA2C565ED8001DA960 /* Sources */,
				0ABDEDAB2C565ED8001DA960 /* Frameworks */,
				0ABDEDAC2C565ED8001DA960 /* Resources */,
			);
			buildRules = (
			);
			dependencies = (
				0ABDEDB02C565ED8001DA960 /* PBXTargetDependency */,
			);
			name = InventoryHomeUITests;
			productName = InventoryHomeUITests;
			productReference = 0ABDEDAE2C565ED8001DA960 /* InventoryHomeUITests.xctest */;
			productType = "com.apple.product-type.bundle.ui-testing";
		};
/* End PBXNativeTarget section */

/* Begin PBXProject section */
		0ABDED872C565ED7001DA960 /* Project object */ = {
			isa = PBXProject;
			attributes = {
				BuildIndependentTargetsInParallel = 1;
				LastSwiftUpdateCheck = 1540;
				LastUpgradeCheck = 1540;
				TargetAttributes = {
					0ABDED8E2C565ED7001DA960 = {
						CreatedOnToolsVersion = 15.4;
					};
					0ABDEDA32C565ED8001DA960 = {
						CreatedOnToolsVersion = 15.4;
						TestTargetID = 0ABDED8E2C565ED7001DA960;
					};
					0ABDEDAD2C565ED8001DA960 = {
						CreatedOnToolsVersion = 15.4;
						TestTargetID = 0ABDED8E2C565ED7001DA960;
					};
				};
			};
			buildConfigurationList = 0ABDED8A2C565ED7001DA960 /* Build configuration list for PBXProject "InventoryHome" */;
			compatibilityVersion = "Xcode 14.0";
			developmentRegion = en;
			hasScannedForEncodings = 0;
			knownRegions = (
				en,
				Base,
			);
			mainGroup = 0ABDED862C565ED7001DA960;
			productRefGroup = 0ABDED902C565ED7001DA960 /* Products */;
			projectDirPath = "";
			projectRoot = "";
			targets = (
				0ABDED8E2C565ED7001DA960 /* InventoryHome */,
				0ABDEDA32C565ED8001DA960 /* InventoryHomeTests */,
				0ABDEDAD2C565ED8001DA960 /* InventoryHomeUITests */,
			);
		};
/* End PBXProject section */

/* Begin PBXResourcesBuildPhase section */
		0ABDED8D2C565ED7001DA960 /* Resources */ = {
			isa = PBXResourcesBuildPhase;
			buildActionMask = 2147483647;
			files = (
				0ABDED9A2C565ED8001DA960 /* Preview Assets.xcassets in Resources */,
				0ABDED972C565ED8001DA960 /* Assets.xcassets in Resources */,
			);
			runOnlyForDeploymentPostprocessing = 0;
		};
		0ABDEDA22C565ED8001DA960 /* Resources */ = {
			isa = PBXResourcesBuildPhase;
			buildActionMask = 2147483647;
			files = (
			);
			runOnlyForDeploymentPostprocessing = 0;
		};
		0ABDEDAC2C565ED8001DA960 /* Resources */ = {
			isa = PBXResourcesBuildPhase;
			buildActionMask = 2147483647;
			files = (
			);
			runOnlyForDeploymentPostprocessing = 0;
		};
/* End PBXResourcesBuildPhase section */

/* Begin PBXSourcesBuildPhase section */
		0ABDED8B2C565ED7001DA960 /* Sources */ = {
			isa = PBXSourcesBuildPhase;
			buildActionMask = 2147483647;
			files = (
				0ABDED9C2C565ED8001DA960 /* Persistence.swift in Sources */,
				0ABDED9F2C565ED8001DA960 /* InventoryHome.xcdatamodeld in Sources */,
				0ABDEDC42C56651A001DA960 /* UpdateQuantityView.swift in Sources */,
				0ABDED952C565ED7001DA960 /* ContentView.swift in Sources */,
				0ABDED932C565ED7001DA960 /* InventoryHomeApp.swift in Sources */,
				0ABDEDC22C565F6D001DA960 /* AddItemView.swift in Sources */,
			);
			runOnlyForDeploymentPostprocessing = 0;
		};
		0ABDEDA02C565ED8001DA960 /* Sources */ = {
			isa = PBXSourcesBuildPhase;
			buildActionMask = 2147483647;
			files = (
				0ABDEDA92C565ED8001DA960 /* InventoryHomeTests.swift in Sources */,
			);
			runOnlyForDeploymentPostprocessing = 0;
		};
		0ABDEDAA2C565ED8001DA960 /* Sources */ = {
			isa = PBXSourcesBuildPhase;
			buildActionMask = 2147483647;
			files = (
				0ABDEDB52C565ED8001DA960 /* InventoryHomeUITestsLaunchTests.swift in Sources */,
				0ABDEDB32C565ED8001DA960 /* InventoryHomeUITests.swift in Sources */,
			);
			runOnlyForDeploymentPostprocessing = 0;
		};
/* End PBXSourcesBuildPhase section */

/* Begin PBXTargetDependency section */
		0ABDEDA62C565ED8001DA960 /* PBXTargetDependency */ = {
			isa = PBXTargetDependency;
			target = 0ABDED8E2C565ED7001DA960 /* InventoryHome */;
			targetProxy = 0ABDEDA52C565ED8001DA960 /* PBXContainerItemProxy */;
		};
		0ABDEDB02C565ED8001DA960 /* PBXTargetDependency */ = {
			isa = PBXTargetDependency;
			target = 0ABDED8E2C565ED7001DA960 /* InventoryHome */;
			targetProxy = 0ABDEDAF2C565ED8001DA960 /* PBXContainerItemProxy */;
		};
/* End PBXTargetDependency section */

/* Begin XCBuildConfiguration section */
		0ABDEDB62C565ED8001DA960 /* Debug */ = {
			isa = XCBuildConfiguration;
			buildSettings = {
				ALWAYS_SEARCH_USER_PATHS = NO;
				ASSETCATALOG_COMPILER_GENERATE_SWIFT_ASSET_SYMBOL_EXTENSIONS = YES;
				CLANG_ANALYZER_NONNULL = YES;
				CLANG_ANALYZER_NUMBER_OBJECT_CONVERSION = YES_AGGRESSIVE;
				CLANG_CXX_LANGUAGE_STANDARD = "gnu++20";
				CLANG_ENABLE_MODULES = YES;
				CLANG_ENABLE_OBJC_ARC = YES;
				CLANG_ENABLE_OBJC_WEAK = YES;
				CLANG_WARN_BLOCK_CAPTURE_AUTORELEASING = YES;
				CLANG_WARN_BOOL_CONVERSION = YES;
				CLANG_WARN_COMMA = YES;
				CLANG_WARN_CONSTANT_CONVERSION = YES;
				CLANG_WARN_DEPRECATED_OBJC_IMPLEMENTATIONS = YES;
				CLANG_WARN_DIRECT_OBJC_ISA_USAGE = YES_ERROR;
				CLANG_WARN_DOCUMENTATION_COMMENTS = YES;
				CLANG_WARN_EMPTY_BODY = YES;
				CLANG_WARN_ENUM_CONVERSION = YES;
				CLANG_WARN_INFINITE_RECURSION = YES;
				CLANG_WARN_INT_CONVERSION = YES;
				CLANG_WARN_NON_LITERAL_NULL_CONVERSION = YES;
				CLANG_WARN_OBJC_IMPLICIT_RETAIN_SELF = YES;
				CLANG_WARN_OBJC_LITERAL_CONVERSION = YES;
				CLANG_WARN_OBJC_ROOT_CLASS = YES_ERROR;
				CLANG_WARN_QUOTED_INCLUDE_IN_FRAMEWORK_HEADER = YES;
				CLANG_WARN_RANGE_LOOP_ANALYSIS = YES;
				CLANG_WARN_STRICT_PROTOTYPES = YES;
				CLANG_WARN_SUSPICIOUS_MOVE = YES;
				CLANG_WARN_UNGUARDED_AVAILABILITY = YES_AGGRESSIVE;
				CLANG_WARN_UNREACHABLE_CODE = YES;
				CLANG_WARN__DUPLICATE_METHOD_MATCH = YES;
				COPY_PHASE_STRIP = NO;
				DEBUG_INFORMATION_FORMAT = dwarf;
				ENABLE_STRICT_OBJC_MSGSEND = YES;
				ENABLE_TESTABILITY = YES;
				ENABLE_USER_SCRIPT_SANDBOXING = YES;
				GCC_C_LANGUAGE_STANDARD = gnu17;
				GCC_DYNAMIC_NO_PIC = NO;
				GCC_NO_COMMON_BLOCKS = YES;
				GCC_OPTIMIZATION_LEVEL = 0;
				GCC_PREPROCESSOR_DEFINITIONS = (
					"DEBUG=1",
					"$(inherited)",
				);
				GCC_WARN_64_TO_32_BIT_CONVERSION = YES;
				GCC_WARN_ABOUT_RETURN_TYPE = YES_ERROR;
				GCC_WARN_UNDECLARED_SELECTOR = YES;
				GCC_WARN_UNINITIALIZED_AUTOS = YES_AGGRESSIVE;
				GCC_WARN_UNUSED_FUNCTION = YES;
				GCC_WARN_UNUSED_VARIABLE = YES;
				IPHONEOS_DEPLOYMENT_TARGET = 17.5;
				LOCALIZATION_PREFERS_STRING_CATALOGS = YES;
				MTL_ENABLE_DEBUG_INFO = INCLUDE_SOURCE;
				MTL_FAST_MATH = YES;
				ONLY_ACTIVE_ARCH = YES;
				SDKROOT = iphoneos;
				SWIFT_ACTIVE_COMPILATION_CONDITIONS = "DEBUG $(inherited)";
				SWIFT_OPTIMIZATION_LEVEL = "-Onone";
			};
			name = Debug;
		};
		0ABDEDB72C565ED8001DA960 /* Release */ = {
			isa = XCBuildConfiguration;
			buildSettings = {
				ALWAYS_SEARCH_USER_PATHS = NO;
				ASSETCATALOG_COMPILER_GENERATE_SWIFT_ASSET_SYMBOL_EXTENSIONS = YES;
				CLANG_ANALYZER_NONNULL = YES;
				CLANG_ANALYZER_NUMBER_OBJECT_CONVERSION = YES_AGGRESSIVE;
				CLANG_CXX_LANGUAGE_STANDARD = "gnu++20";
				CLANG_ENABLE_MODULES = YES;
				CLANG_ENABLE_OBJC_ARC = YES;
				CLANG_ENABLE_OBJC_WEAK = YES;
				CLANG_WARN_BLOCK_CAPTURE_AUTORELEASING = YES;
				CLANG_WARN_BOOL_CONVERSION = YES;
				CLANG_WARN_COMMA = YES;
				CLANG_WARN_CONSTANT_CONVERSION = YES;
				CLANG_WARN_DEPRECATED_OBJC_IMPLEMENTATIONS = YES;
				CLANG_WARN_DIRECT_OBJC_ISA_USAGE = YES_ERROR;
				CLANG_WARN_DOCUMENTATION_COMMENTS = YES;
				CLANG_WARN_EMPTY_BODY = YES;
				CLANG_WARN_ENUM_CONVERSION = YES;
				CLANG_WARN_INFINITE_RECURSION = YES;
				CLANG_WARN_INT_CONVERSION = YES;
				CLANG_WARN_NON_LITERAL_NULL_CONVERSION = YES;
				CLANG_WARN_OBJC_IMPLICIT_RETAIN_SELF = YES;
				CLANG_WARN_OBJC_LITERAL_CONVERSION = YES;
				CLANG_WARN_OBJC_ROOT_CLASS = YES_ERROR;
				CLANG_WARN_QUOTED_INCLUDE_IN_FRAMEWORK_HEADER = YES;
				CLANG_WARN_RANGE_LOOP_ANALYSIS = YES;
				CLANG_WARN_STRICT_PROTOTYPES = YES;
				CLANG_WARN_SUSPICIOUS_MOVE = YES;
				CLANG_WARN_UNGUARDED_AVAILABILITY = YES_AGGRESSIVE;
				CLANG_WARN_UNREACHABLE_CODE = YES;
				CLANG_WARN__DUPLICATE_METHOD_MATCH = YES;
				COPY_PHASE_STRIP = NO;
				DEBUG_INFORMATION_FORMAT = "dwarf-with-dsym";
				ENABLE_NS_ASSERTIONS = NO;
				ENABLE_STRICT_OBJC_MSGSEND = YES;
				ENABLE_USER_SCRIPT_SANDBOXING = YES;
				GCC_C_LANGUAGE_STANDARD = gnu17;
				GCC_NO_COMMON_BLOCKS = YES;
				GCC_WARN_64_TO_32_BIT_CONVERSION = YES;
				GCC_WARN_ABOUT_RETURN_TYPE = YES_ERROR;
				GCC_WARN_UNDECLARED_SELECTOR = YES;
				GCC_WARN_UNINITIALIZED_AUTOS = YES_AGGRESSIVE;
				GCC_WARN_UNUSED_FUNCTION = YES;
				GCC_WARN_UNUSED_VARIABLE = YES;
				IPHONEOS_DEPLOYMENT_TARGET = 17.5;
				LOCALIZATION_PREFERS_STRING_CATALOGS = YES;
				MTL_ENABLE_DEBUG_INFO = NO;
				MTL_FAST_MATH = YES;
				SDKROOT = iphoneos;
				SWIFT_COMPILATION_MODE = wholemodule;
				VALIDATE_PRODUCT = YES;
			};
			name = Release;
		};
		0ABDEDB92C565ED8001DA960 /* Debug */ = {
			isa = XCBuildConfiguration;
			buildSettings = {
				ASSETCATALOG_COMPILER_APPICON_NAME = AppIcon;
				ASSETCATALOG_COMPILER_GLOBAL_ACCENT_COLOR_NAME = AccentColor;
				CODE_SIGN_STYLE = Automatic;
				CURRENT_PROJECT_VERSION = 1;
				DEVELOPMENT_ASSET_PATHS = "\"InventoryHome/Preview Content\"";
				DEVELOPMENT_TEAM = 3T8JP73A46;
				ENABLE_PREVIEWS = YES;
				GENERATE_INFOPLIST_FILE = YES;
				INFOPLIST_KEY_UIApplicationSceneManifest_Generation = YES;
				INFOPLIST_KEY_UIApplicationSupportsIndirectInputEvents = YES;
				INFOPLIST_KEY_UILaunchScreen_Generation = YES;
				INFOPLIST_KEY_UISupportedInterfaceOrientations_iPad = "UIInterfaceOrientationPortrait UIInterfaceOrientationPortraitUpsideDown UIInterfaceOrientationLandscapeLeft UIInterfaceOrientationLandscapeRight";
				INFOPLIST_KEY_UISupportedInterfaceOrientations_iPhone = "UIInterfaceOrientationPortrait UIInterfaceOrientationLandscapeLeft UIInterfaceOrientationLandscapeRight";
				LD_RUNPATH_SEARCH_PATHS = (
					"$(inherited)",
					"@executable_path/Frameworks",
				);
				MARKETING_VERSION = 1.0;
				PRODUCT_BUNDLE_IDENTIFIER = com.ehtisham.InventoryHome;
				PRODUCT_NAME = "$(TARGET_NAME)";
				SWIFT_EMIT_LOC_STRINGS = YES;
				SWIFT_VERSION = 5.0;
				TARGETED_DEVICE_FAMILY = "1,2";
			};
			name = Debug;
		};
		0ABDEDBA2C565ED8001DA960 /* Release */ = {
			isa = XCBuildConfiguration;
			buildSettings = {
				ASSETCATALOG_COMPILER_APPICON_NAME = AppIcon;
				ASSETCATALOG_COMPILER_GLOBAL_ACCENT_COLOR_NAME = AccentColor;
				CODE_SIGN_STYLE = Automatic;
				CURRENT_PROJECT_VERSION = 1;
				DEVELOPMENT_ASSET_PATHS = "\"InventoryHome/Preview Content\"";
				DEVELOPMENT_TEAM = 3T8JP73A46;
				ENABLE_PREVIEWS = YES;
				GENERATE_INFOPLIST_FILE = YES;
				INFOPLIST_KEY_UIApplicationSceneManifest_Generation = YES;
				INFOPLIST_KEY_UIApplicationSupportsIndirectInputEvents = YES;
				INFOPLIST_KEY_UILaunchScreen_Generation = YES;
				INFOPLIST_KEY_UISupportedInterfaceOrientations_iPad = "UIInterfaceOrientationPortrait UIInterfaceOrientationPortraitUpsideDown UIInterfaceOrientationLandscapeLeft UIInterfaceOrientationLandscapeRight";
				INFOPLIST_KEY_UISupportedInterfaceOrientations_iPhone = "UIInterfaceOrientationPortrait UIInterfaceOrientationLandscapeLeft UIInterfaceOrientationLandscapeRight";
				LD_RUNPATH_SEARCH_PATHS = (
					"$(inherited)",
					"@executable_path/Frameworks",
				);
				MARKETING_VERSION = 1.0;
				PRODUCT_BUNDLE_IDENTIFIER = com.ehtisham.InventoryHome;
				PRODUCT_NAME = "$(TARGET_NAME)";
				SWIFT_EMIT_LOC_STRINGS = YES;
				SWIFT_VERSION = 5.0;
				TARGETED_DEVICE_FAMILY = "1,2";
			};
			name = Release;
		};
		0ABDEDBC2C565ED8001DA960 /* Debug */ = {
			isa = XCBuildConfiguration;
			buildSettings = {
				ALWAYS_EMBED_SWIFT_STANDARD_LIBRARIES = YES;
				BUNDLE_LOADER = "$(TEST_HOST)";
				CODE_SIGN_STYLE = Automatic;
				CURRENT_PROJECT_VERSION = 1;
				DEVELOPMENT_TEAM = 3T8JP73A46;
				GENERATE_INFOPLIST_FILE = YES;
				IPHONEOS_DEPLOYMENT_TARGET = 17.5;
				MARKETING_VERSION = 1.0;
				PRODUCT_BUNDLE_IDENTIFIER = com.ehtisham.InventoryHomeTests;
				PRODUCT_NAME = "$(TARGET_NAME)";
				SWIFT_EMIT_LOC_STRINGS = NO;
				SWIFT_VERSION = 5.0;
				TARGETED_DEVICE_FAMILY = "1,2";
				TEST_HOST = "$(BUILT_PRODUCTS_DIR)/InventoryHome.app/$(BUNDLE_EXECUTABLE_FOLDER_PATH)/InventoryHome";
			};
			name = Debug;
		};
		0ABDEDBD2C565ED8001DA960 /* Release */ = {
			isa = XCBuildConfiguration;
			buildSettings = {
				ALWAYS_EMBED_SWIFT_STANDARD_LIBRARIES = YES;
				BUNDLE_LOADER = "$(TEST_HOST)";
				CODE_SIGN_STYLE = Automatic;
				CURRENT_PROJECT_VERSION = 1;
				DEVELOPMENT_TEAM = 3T8JP73A46;
				GENERATE_INFOPLIST_FILE = YES;
				IPHONEOS_DEPLOYMENT_TARGET = 17.5;
				MARKETING_VERSION = 1.0;
				PRODUCT_BUNDLE_IDENTIFIER = com.ehtisham.InventoryHomeTests;
				PRODUCT_NAME = "$(TARGET_NAME)";
				SWIFT_EMIT_LOC_STRINGS = NO;
				SWIFT_VERSION = 5.0;
				TARGETED_DEVICE_FAMILY = "1,2";
				TEST_HOST = "$(BUILT_PRODUCTS_DIR)/InventoryHome.app/$(BUNDLE_EXECUTABLE_FOLDER_PATH)/InventoryHome";
			};
			name = Release;
		};
		0ABDEDBF2C565ED8001DA960 /* Debug */ = {
			isa = XCBuildConfiguration;
			buildSettings = {
				ALWAYS_EMBED_SWIFT_STANDARD_LIBRARIES = YES;
				CODE_SIGN_STYLE = Automatic;
				CURRENT_PROJECT_VERSION = 1;
				DEVELOPMENT_TEAM = 3T8JP73A46;
				GENERATE_INFOPLIST_FILE = YES;
				MARKETING_VERSION = 1.0;
				PRODUCT_BUNDLE_IDENTIFIER = com.ehtisham.InventoryHomeUITests;
				PRODUCT_NAME = "$(TARGET_NAME)";
				SWIFT_EMIT_LOC_STRINGS = NO;
				SWIFT_VERSION = 5.0;
				TARGETED_DEVICE_FAMILY = "1,2";
				TEST_TARGET_NAME = InventoryHome;
			};
			name = Debug;
		};
		0ABDEDC02C565ED8001DA960 /* Release */ = {
			isa = XCBuildConfiguration;
			buildSettings = {
				ALWAYS_EMBED_SWIFT_STANDARD_LIBRARIES = YES;
				CODE_SIGN_STYLE = Automatic;
				CURRENT_PROJECT_VERSION = 1;
				DEVELOPMENT_TEAM = 3T8JP73A46;
				GENERATE_INFOPLIST_FILE = YES;
				MARKETING_VERSION = 1.0;
				PRODUCT_BUNDLE_IDENTIFIER = com.ehtisham.InventoryHomeUITests;
				PRODUCT_NAME = "$(TARGET_NAME)";
				SWIFT_EMIT_LOC_STRINGS = NO;
				SWIFT_VERSION = 5.0;
				TARGETED_DEVICE_FAMILY = "1,2";
				TEST_TARGET_NAME = InventoryHome;
			};
			name = Release;
		};
/* End XCBuildConfiguration section */

/* Begin XCConfigurationList section */
		0ABDED8A2C565ED7001DA960 /* Build configuration list for PBXProject "InventoryHome" */ = {
			isa = XCConfigurationList;
			buildConfigurations = (
				0ABDEDB62C565ED8001DA960 /* Debug */,
				0ABDEDB72C565ED8001DA960 /* Release */,
			);
			defaultConfigurationIsVisible = 0;
			defaultConfigurationName = Release;
		};
		0ABDEDB82C565ED8001DA960 /* Build configuration list for PBXNativeTarget "InventoryHome" */ = {
			isa = XCConfigurationList;
			buildConfigurations = (
				0ABDEDB92C565ED8001DA960 /* Debug */,
				0ABDEDBA2C565ED8001DA960 /* Release */,
			);
			defaultConfigurationIsVisible = 0;
			defaultConfigurationName = Release;
		};
		0ABDEDBB2C565ED8001DA960 /* Build configuration list for PBXNativeTarget "InventoryHomeTests" */ = {
			isa = XCConfigurationList;
			buildConfigurations = (
				0ABDEDBC2C565ED8001DA960 /* Debug */,
				0ABDEDBD2C565ED8001DA960 /* Release */,
			);
			defaultConfigurationIsVisible = 0;
			defaultConfigurationName = Release;
		};
		0ABDEDBE2C565ED8001DA960 /* Build configuration list for PBXNativeTarget "InventoryHomeUITests" */ = {
			isa = XCConfigurationList;
			buildConfigurations = (
				0ABDEDBF2C565ED8001DA960 /* Debug */,
				0ABDEDC02C565ED8001DA960 /* Release */,
			);
			defaultConfigurationIsVisible = 0;
			defaultConfigurationName = Release;
		};
/* End XCConfigurationList section */

/* Begin XCVersionGroup section */
		0ABDED9D2C565ED8001DA960 /* InventoryHome.xcdatamodeld */ = {
			isa = XCVersionGroup;
			children = (
				0ABDED9E2C565ED8001DA960 /* InventoryHome.xcdatamodel */,
			);
			currentVersion = 0ABDED9E2C565ED8001DA960 /* InventoryHome.xcdatamodel */;
			path = InventoryHome.xcdatamodeld;
			sourceTree = "<group>";
			versionGroupType = wrapper.xcdatamodel;
		};
/* End XCVersionGroup section */
	};
	rootObject = 0ABDED872C565ED7001DA960 /* Project object */;
}
